
Microsoft Visual Studio Solution File, Format Version 12.00
# Visual Studio Version 17
VisualStudioVersion = 17.7.34031.279
MinimumVisualStudioVersion = 10.0.40219.1
Project("{FAE04EC0-301F-11D3-BF4B-00C04F79EFBC}") = "001. Giriş", "C Sharp Pratiklerim\001. Giriş.csproj", "{2F35F72A-A964-48AB-94AA-0403B986448C}"
EndProject
Project("{FAE04EC0-301F-11D3-BF4B-00C04F79EFBC}") = "002. Değişkenler", "002. Değişkenler\002. Değişkenler.csproj", "{76F64DD4-99E4-4A7F-A416-F2D43989316E}"
EndProject
Project("{FAE04EC0-301F-11D3-BF4B-00C04F79EFBC}") = "003. Kullanıcıdan Input Alma", "003. Kullanıcıdan Input Alma\003. Kullanıcıdan Input Alma.csproj", "{09ADC515-B129-43C5-A65E-357D96161038}"
EndProject
Project("{FAE04EC0-301F-11D3-BF4B-00C04F79EFBC}") = "004. Type Conversion - Tür Dönüşümleri", "004. Type Conversion - Tür Dönüşümleri\004. Type Conversion - Tür Dönüşümleri.csproj", "{3FD595F3-E618-4114-86BB-5683CA569CDD}"
EndProject
Project("{FAE04EC0-301F-11D3-BF4B-00C04F79EFBC}") = "005. Diziler ve Foreach Döngüsü", "005. Diziler ve Foreach Döngüsü\005. Diziler ve Foreach Döngüsü.csproj", "{AD67BA8B-147C-4997-BF03-EC18B8E3F3ED}"
EndProject
Project("{FAE04EC0-301F-11D3-BF4B-00C04F79EFBC}") = "006. Metodlar", "006. Metodlar\006. Metodlar.csproj", "{E8E800DC-722F-49F2-BDB5-BBA97C122D31}"
EndProject
Project("{FAE04EC0-301F-11D3-BF4B-00C04F79EFBC}") = "007. OOP - Nesne Tabanlı Programlama", "007. OOP - Nesne Tabanlı Programlama\007. OOP - Nesne Tabanlı Programlama.csproj", "{4826BE26-F364-42C2-9077-D79E810F50D6}"
EndProject
Project("{FAE04EC0-301F-11D3-BF4B-00C04F79EFBC}") = "008. TC Kimlik Numarası Çoklu Kontrol", "008. TC Kimlik Numarası Çoklu Kontrol\008. TC Kimlik Numarası Çoklu Kontrol.csproj", "{13BCFA0C-57F2-4E59-8FB9-E572DF4744A9}"
EndProject
Project("{FAE04EC0-301F-11D3-BF4B-00C04F79EFBC}") = "009. Static Metod - Değişken - Constructor - Class", "009. Static Metod - Değişken - Constructor - Class\009. Static Metod - Değişken - Constructor - Class.csproj", "{C86304FC-A101-4484-B346-03C9088AC566}"
EndProject
Project("{FAE04EC0-301F-11D3-BF4B-00C04F79EFBC}") = "010. List", "010. List\010. List.csproj", "{CA8E5B96-7882-4C7F-829A-DF1FB2B1BDC3}"
EndProject
Project("{FAE04EC0-301F-11D3-BF4B-00C04F79EFBC}") = "011. Inheritance", "011. Inheritance\011. Inheritance.csproj", "{28563583-B32D-43B6-8A72-DE1DACA788D7}"
EndProject
Project("{FAE04EC0-301F-11D3-BF4B-00C04F79EFBC}") = "012. Çok Boyutlu Diziler", "012. Çok Boyutlu Diziler\012. Çok Boyutlu Diziler.csproj", "{C9EB8E14-A373-4BBC-A23C-75061844BBEF}"
EndProject
Project("{FAE04EC0-301F-11D3-BF4B-00C04F79EFBC}") = "013. Params", "013. Params\013. Params.csproj", "{C805D7CC-A7B0-438D-9141-557F39D72DB9}"
EndProject
Project("{FAE04EC0-301F-11D3-BF4B-00C04F79EFBC}") = "014. Dosya İşlemleri", "014. Dosya İşlemleri\014. Dosya İşlemleri.csproj", "{97467D9B-4B26-4C6C-AB45-2E7C01C9192B}"
EndProject
Project("{FAE04EC0-301F-11D3-BF4B-00C04F79EFBC}") = "015. Console Output Formatting", "Console Output Formatting\015. Console Output Formatting.csproj", "{F93121BE-C94F-465B-85BA-660F0A9EE99F}"
EndProject
Project("{FAE04EC0-301F-11D3-BF4B-00C04F79EFBC}") = "016. Console Settings Coding", "016. Console Settings Coding\016. Console Settings Coding.csproj", "{1C75D178-73EC-4305-9FB6-E0396D4B9335}"
EndProject
Project("{FAE04EC0-301F-11D3-BF4B-00C04F79EFBC}") = "017. Generics", "017. Generics\017. Generics.csproj", "{C1B4FC4A-DF85-4D94-93A7-DE5F4874D823}"
EndProject
Project("{FAE04EC0-301F-11D3-BF4B-00C04F79EFBC}") = "018. This Keyword", "018. This Keyword\018. This Keyword.csproj", "{A7064542-3B24-447C-B9F6-881DE677D940}"
EndProject
Project("{FAE04EC0-301F-11D3-BF4B-00C04F79EFBC}") = "019. Const-Readonly Farkı", "019. Const-Readonly Farkı\019. Const-Readonly Farkı.csproj", "{786E6FA5-07FC-45E3-9340-5F33ED41AC7C}"
EndProject
Project("{FAE04EC0-301F-11D3-BF4B-00C04F79EFBC}") = "020. Değer-Referans Farkı", "020. Değer-Referans Farkı\020. Değer-Referans Farkı.csproj", "{BC42865D-75D6-45F2-947B-48B7AD41862F}"
EndProject
Project("{FAE04EC0-301F-11D3-BF4B-00C04F79EFBC}") = "021. Static vs Non-static", "021. Static vs Non-static\021. Static vs Non-static.csproj", "{4D54D01A-088C-4636-80C6-81AA354B6AFC}"
EndProject
Project("{FAE04EC0-301F-11D3-BF4B-00C04F79EFBC}") = "022. Metod Gizleme", "022. Metod Gizleme\022. Metod Gizleme.csproj", "{B17B5182-7C20-446F-81B0-C48015753B25}"
EndProject
Project("{FAE04EC0-301F-11D3-BF4B-00C04F79EFBC}") = "023. Try-Catch Exception Handling", "023. Try-Catch Exception Handling\023. Try-Catch Exception Handling.csproj", "{5690F585-7BE1-40BA-8E6B-D5DB33C41AC1}"
EndProject
Project("{FAE04EC0-301F-11D3-BF4B-00C04F79EFBC}") = "024. Genişletme Metodları - Extention Methods", "024. Genişletme Metodları - Extention Methods\024. Genişletme Metodları - Extention Methods.csproj", "{EE2326CB-B521-43FD-8652-586AA4EFE415}"
EndProject
Project("{FAE04EC0-301F-11D3-BF4B-00C04F79EFBC}") = "025. Method Overriding", "025. Method Overriding\025. Method Overriding.csproj", "{F1459C49-E0AC-4BDA-B473-A2937481E37A}"
EndProject
Project("{FAE04EC0-301F-11D3-BF4B-00C04F79EFBC}") = "026. Polymorphism - Virtual - Override", "026. Polymorphism - Çok Şekillilik\026. Polymorphism - Virtual - Override.csproj", "{93ED8F42-B269-471F-B3C0-66180E5B6B8C}"
EndProject
Project("{FAE04EC0-301F-11D3-BF4B-00C04F79EFBC}") = "027. Sealed - Mühürlü", "Sealed - Mühürlü\027. Sealed - Mühürlü.csproj", "{9F60322E-DA9C-4237-8CBE-1D75385B1131}"
EndProject
Project("{FAE04EC0-301F-11D3-BF4B-00C04F79EFBC}") = "028. Partial", "028. Partial\028. Partial.csproj", "{EFCA35DA-B62E-4C16-BCA8-0CD5A801D676}"
EndProject
Project("{FAE04EC0-301F-11D3-BF4B-00C04F79EFBC}") = "029. Struct", "029. Construct\029. Struct.csproj", "{1D7E1067-0A75-4EB7-A278-1B26B779DFFD}"
EndProject
Project("{FAE04EC0-301F-11D3-BF4B-00C04F79EFBC}") = "030. Interface", "030. Interface\030. Interface.csproj", "{3F21C9CA-602B-4C9F-90DB-F920D46815FE}"
EndProject
Project("{FAE04EC0-301F-11D3-BF4B-00C04F79EFBC}") = "031. Abstract Class vs Interface", "031. Abstract Class vs Interface\031. Abstract Class vs Interface.csproj", "{B21A0FDF-864D-4CD0-8705-2EA404BC003A}"
EndProject
Project("{FAE04EC0-301F-11D3-BF4B-00C04F79EFBC}") = "032. Indexer", "032. Indexer\032. Indexer.csproj", "{6C62DFE4-4D33-4CCE-9AEA-D5F130EBF829}"
EndProject
Global
	GlobalSection(SolutionConfigurationPlatforms) = preSolution
		Debug|Any CPU = Debug|Any CPU
		Release|Any CPU = Release|Any CPU
	EndGlobalSection
	GlobalSection(ProjectConfigurationPlatforms) = postSolution
		{2F35F72A-A964-48AB-94AA-0403B986448C}.Debug|Any CPU.ActiveCfg = Debug|Any CPU
		{2F35F72A-A964-48AB-94AA-0403B986448C}.Debug|Any CPU.Build.0 = Debug|Any CPU
		{2F35F72A-A964-48AB-94AA-0403B986448C}.Release|Any CPU.ActiveCfg = Release|Any CPU
		{2F35F72A-A964-48AB-94AA-0403B986448C}.Release|Any CPU.Build.0 = Release|Any CPU
		{76F64DD4-99E4-4A7F-A416-F2D43989316E}.Debug|Any CPU.ActiveCfg = Debug|Any CPU
		{76F64DD4-99E4-4A7F-A416-F2D43989316E}.Debug|Any CPU.Build.0 = Debug|Any CPU
		{76F64DD4-99E4-4A7F-A416-F2D43989316E}.Release|Any CPU.ActiveCfg = Release|Any CPU
		{76F64DD4-99E4-4A7F-A416-F2D43989316E}.Release|Any CPU.Build.0 = Release|Any CPU
		{09ADC515-B129-43C5-A65E-357D96161038}.Debug|Any CPU.ActiveCfg = Debug|Any CPU
		{09ADC515-B129-43C5-A65E-357D96161038}.Debug|Any CPU.Build.0 = Debug|Any CPU
		{09ADC515-B129-43C5-A65E-357D96161038}.Release|Any CPU.ActiveCfg = Release|Any CPU
		{09ADC515-B129-43C5-A65E-357D96161038}.Release|Any CPU.Build.0 = Release|Any CPU
		{3FD595F3-E618-4114-86BB-5683CA569CDD}.Debug|Any CPU.ActiveCfg = Debug|Any CPU
		{3FD595F3-E618-4114-86BB-5683CA569CDD}.Debug|Any CPU.Build.0 = Debug|Any CPU
		{3FD595F3-E618-4114-86BB-5683CA569CDD}.Release|Any CPU.ActiveCfg = Release|Any CPU
		{3FD595F3-E618-4114-86BB-5683CA569CDD}.Release|Any CPU.Build.0 = Release|Any CPU
		{AD67BA8B-147C-4997-BF03-EC18B8E3F3ED}.Debug|Any CPU.ActiveCfg = Debug|Any CPU
		{AD67BA8B-147C-4997-BF03-EC18B8E3F3ED}.Debug|Any CPU.Build.0 = Debug|Any CPU
		{AD67BA8B-147C-4997-BF03-EC18B8E3F3ED}.Release|Any CPU.ActiveCfg = Release|Any CPU
		{AD67BA8B-147C-4997-BF03-EC18B8E3F3ED}.Release|Any CPU.Build.0 = Release|Any CPU
		{E8E800DC-722F-49F2-BDB5-BBA97C122D31}.Debug|Any CPU.ActiveCfg = Debug|Any CPU
		{E8E800DC-722F-49F2-BDB5-BBA97C122D31}.Debug|Any CPU.Build.0 = Debug|Any CPU
		{E8E800DC-722F-49F2-BDB5-BBA97C122D31}.Release|Any CPU.ActiveCfg = Release|Any CPU
		{E8E800DC-722F-49F2-BDB5-BBA97C122D31}.Release|Any CPU.Build.0 = Release|Any CPU
		{4826BE26-F364-42C2-9077-D79E810F50D6}.Debug|Any CPU.ActiveCfg = Debug|Any CPU
		{4826BE26-F364-42C2-9077-D79E810F50D6}.Debug|Any CPU.Build.0 = Debug|Any CPU
		{4826BE26-F364-42C2-9077-D79E810F50D6}.Release|Any CPU.ActiveCfg = Release|Any CPU
		{4826BE26-F364-42C2-9077-D79E810F50D6}.Release|Any CPU.Build.0 = Release|Any CPU
		{13BCFA0C-57F2-4E59-8FB9-E572DF4744A9}.Debug|Any CPU.ActiveCfg = Debug|Any CPU
		{13BCFA0C-57F2-4E59-8FB9-E572DF4744A9}.Debug|Any CPU.Build.0 = Debug|Any CPU
		{13BCFA0C-57F2-4E59-8FB9-E572DF4744A9}.Release|Any CPU.ActiveCfg = Release|Any CPU
		{13BCFA0C-57F2-4E59-8FB9-E572DF4744A9}.Release|Any CPU.Build.0 = Release|Any CPU
		{C86304FC-A101-4484-B346-03C9088AC566}.Debug|Any CPU.ActiveCfg = Debug|Any CPU
		{C86304FC-A101-4484-B346-03C9088AC566}.Debug|Any CPU.Build.0 = Debug|Any CPU
		{C86304FC-A101-4484-B346-03C9088AC566}.Release|Any CPU.ActiveCfg = Release|Any CPU
		{C86304FC-A101-4484-B346-03C9088AC566}.Release|Any CPU.Build.0 = Release|Any CPU
		{CA8E5B96-7882-4C7F-829A-DF1FB2B1BDC3}.Debug|Any CPU.ActiveCfg = Debug|Any CPU
		{CA8E5B96-7882-4C7F-829A-DF1FB2B1BDC3}.Debug|Any CPU.Build.0 = Debug|Any CPU
		{CA8E5B96-7882-4C7F-829A-DF1FB2B1BDC3}.Release|Any CPU.ActiveCfg = Release|Any CPU
		{CA8E5B96-7882-4C7F-829A-DF1FB2B1BDC3}.Release|Any CPU.Build.0 = Release|Any CPU
		{28563583-B32D-43B6-8A72-DE1DACA788D7}.Debug|Any CPU.ActiveCfg = Debug|Any CPU
		{28563583-B32D-43B6-8A72-DE1DACA788D7}.Debug|Any CPU.Build.0 = Debug|Any CPU
		{28563583-B32D-43B6-8A72-DE1DACA788D7}.Release|Any CPU.ActiveCfg = Release|Any CPU
		{28563583-B32D-43B6-8A72-DE1DACA788D7}.Release|Any CPU.Build.0 = Release|Any CPU
		{C9EB8E14-A373-4BBC-A23C-75061844BBEF}.Debug|Any CPU.ActiveCfg = Debug|Any CPU
		{C9EB8E14-A373-4BBC-A23C-75061844BBEF}.Debug|Any CPU.Build.0 = Debug|Any CPU
		{C9EB8E14-A373-4BBC-A23C-75061844BBEF}.Release|Any CPU.ActiveCfg = Release|Any CPU
		{C9EB8E14-A373-4BBC-A23C-75061844BBEF}.Release|Any CPU.Build.0 = Release|Any CPU
		{C805D7CC-A7B0-438D-9141-557F39D72DB9}.Debug|Any CPU.ActiveCfg = Debug|Any CPU
		{C805D7CC-A7B0-438D-9141-557F39D72DB9}.Debug|Any CPU.Build.0 = Debug|Any CPU
		{C805D7CC-A7B0-438D-9141-557F39D72DB9}.Release|Any CPU.ActiveCfg = Release|Any CPU
		{C805D7CC-A7B0-438D-9141-557F39D72DB9}.Release|Any CPU.Build.0 = Release|Any CPU
		{97467D9B-4B26-4C6C-AB45-2E7C01C9192B}.Debug|Any CPU.ActiveCfg = Debug|Any CPU
		{97467D9B-4B26-4C6C-AB45-2E7C01C9192B}.Debug|Any CPU.Build.0 = Debug|Any CPU
		{97467D9B-4B26-4C6C-AB45-2E7C01C9192B}.Release|Any CPU.ActiveCfg = Release|Any CPU
		{97467D9B-4B26-4C6C-AB45-2E7C01C9192B}.Release|Any CPU.Build.0 = Release|Any CPU
		{F93121BE-C94F-465B-85BA-660F0A9EE99F}.Debug|Any CPU.ActiveCfg = Debug|Any CPU
		{F93121BE-C94F-465B-85BA-660F0A9EE99F}.Debug|Any CPU.Build.0 = Debug|Any CPU
		{F93121BE-C94F-465B-85BA-660F0A9EE99F}.Release|Any CPU.ActiveCfg = Release|Any CPU
		{F93121BE-C94F-465B-85BA-660F0A9EE99F}.Release|Any CPU.Build.0 = Release|Any CPU
		{1C75D178-73EC-4305-9FB6-E0396D4B9335}.Debug|Any CPU.ActiveCfg = Debug|Any CPU
		{1C75D178-73EC-4305-9FB6-E0396D4B9335}.Debug|Any CPU.Build.0 = Debug|Any CPU
		{1C75D178-73EC-4305-9FB6-E0396D4B9335}.Release|Any CPU.ActiveCfg = Release|Any CPU
		{1C75D178-73EC-4305-9FB6-E0396D4B9335}.Release|Any CPU.Build.0 = Release|Any CPU
		{C1B4FC4A-DF85-4D94-93A7-DE5F4874D823}.Debug|Any CPU.ActiveCfg = Debug|Any CPU
		{C1B4FC4A-DF85-4D94-93A7-DE5F4874D823}.Debug|Any CPU.Build.0 = Debug|Any CPU
		{C1B4FC4A-DF85-4D94-93A7-DE5F4874D823}.Release|Any CPU.ActiveCfg = Release|Any CPU
		{C1B4FC4A-DF85-4D94-93A7-DE5F4874D823}.Release|Any CPU.Build.0 = Release|Any CPU
		{A7064542-3B24-447C-B9F6-881DE677D940}.Debug|Any CPU.ActiveCfg = Debug|Any CPU
		{A7064542-3B24-447C-B9F6-881DE677D940}.Debug|Any CPU.Build.0 = Debug|Any CPU
		{A7064542-3B24-447C-B9F6-881DE677D940}.Release|Any CPU.ActiveCfg = Release|Any CPU
		{A7064542-3B24-447C-B9F6-881DE677D940}.Release|Any CPU.Build.0 = Release|Any CPU
		{786E6FA5-07FC-45E3-9340-5F33ED41AC7C}.Debug|Any CPU.ActiveCfg = Debug|Any CPU
		{786E6FA5-07FC-45E3-9340-5F33ED41AC7C}.Debug|Any CPU.Build.0 = Debug|Any CPU
		{786E6FA5-07FC-45E3-9340-5F33ED41AC7C}.Release|Any CPU.ActiveCfg = Release|Any CPU
		{786E6FA5-07FC-45E3-9340-5F33ED41AC7C}.Release|Any CPU.Build.0 = Release|Any CPU
		{BC42865D-75D6-45F2-947B-48B7AD41862F}.Debug|Any CPU.ActiveCfg = Debug|Any CPU
		{BC42865D-75D6-45F2-947B-48B7AD41862F}.Debug|Any CPU.Build.0 = Debug|Any CPU
		{BC42865D-75D6-45F2-947B-48B7AD41862F}.Release|Any CPU.ActiveCfg = Release|Any CPU
		{BC42865D-75D6-45F2-947B-48B7AD41862F}.Release|Any CPU.Build.0 = Release|Any CPU
		{4D54D01A-088C-4636-80C6-81AA354B6AFC}.Debug|Any CPU.ActiveCfg = Debug|Any CPU
		{4D54D01A-088C-4636-80C6-81AA354B6AFC}.Debug|Any CPU.Build.0 = Debug|Any CPU
		{4D54D01A-088C-4636-80C6-81AA354B6AFC}.Release|Any CPU.ActiveCfg = Release|Any CPU
		{4D54D01A-088C-4636-80C6-81AA354B6AFC}.Release|Any CPU.Build.0 = Release|Any CPU
		{B17B5182-7C20-446F-81B0-C48015753B25}.Debug|Any CPU.ActiveCfg = Debug|Any CPU
		{B17B5182-7C20-446F-81B0-C48015753B25}.Debug|Any CPU.Build.0 = Debug|Any CPU
		{B17B5182-7C20-446F-81B0-C48015753B25}.Release|Any CPU.ActiveCfg = Release|Any CPU
		{B17B5182-7C20-446F-81B0-C48015753B25}.Release|Any CPU.Build.0 = Release|Any CPU
		{5690F585-7BE1-40BA-8E6B-D5DB33C41AC1}.Debug|Any CPU.ActiveCfg = Debug|Any CPU
		{5690F585-7BE1-40BA-8E6B-D5DB33C41AC1}.Debug|Any CPU.Build.0 = Debug|Any CPU
		{5690F585-7BE1-40BA-8E6B-D5DB33C41AC1}.Release|Any CPU.ActiveCfg = Release|Any CPU
		{5690F585-7BE1-40BA-8E6B-D5DB33C41AC1}.Release|Any CPU.Build.0 = Release|Any CPU
		{EE2326CB-B521-43FD-8652-586AA4EFE415}.Debug|Any CPU.ActiveCfg = Debug|Any CPU
		{EE2326CB-B521-43FD-8652-586AA4EFE415}.Debug|Any CPU.Build.0 = Debug|Any CPU
		{EE2326CB-B521-43FD-8652-586AA4EFE415}.Release|Any CPU.ActiveCfg = Release|Any CPU
		{EE2326CB-B521-43FD-8652-586AA4EFE415}.Release|Any CPU.Build.0 = Release|Any CPU
		{F1459C49-E0AC-4BDA-B473-A2937481E37A}.Debug|Any CPU.ActiveCfg = Debug|Any CPU
		{F1459C49-E0AC-4BDA-B473-A2937481E37A}.Debug|Any CPU.Build.0 = Debug|Any CPU
		{F1459C49-E0AC-4BDA-B473-A2937481E37A}.Release|Any CPU.ActiveCfg = Release|Any CPU
		{F1459C49-E0AC-4BDA-B473-A2937481E37A}.Release|Any CPU.Build.0 = Release|Any CPU
		{93ED8F42-B269-471F-B3C0-66180E5B6B8C}.Debug|Any CPU.ActiveCfg = Debug|Any CPU
		{93ED8F42-B269-471F-B3C0-66180E5B6B8C}.Debug|Any CPU.Build.0 = Debug|Any CPU
		{93ED8F42-B269-471F-B3C0-66180E5B6B8C}.Release|Any CPU.ActiveCfg = Release|Any CPU
		{93ED8F42-B269-471F-B3C0-66180E5B6B8C}.Release|Any CPU.Build.0 = Release|Any CPU
		{9F60322E-DA9C-4237-8CBE-1D75385B1131}.Debug|Any CPU.ActiveCfg = Debug|Any CPU
		{9F60322E-DA9C-4237-8CBE-1D75385B1131}.Debug|Any CPU.Build.0 = Debug|Any CPU
		{9F60322E-DA9C-4237-8CBE-1D75385B1131}.Release|Any CPU.ActiveCfg = Release|Any CPU
		{9F60322E-DA9C-4237-8CBE-1D75385B1131}.Release|Any CPU.Build.0 = Release|Any CPU
		{EFCA35DA-B62E-4C16-BCA8-0CD5A801D676}.Debug|Any CPU.ActiveCfg = Debug|Any CPU
		{EFCA35DA-B62E-4C16-BCA8-0CD5A801D676}.Debug|Any CPU.Build.0 = Debug|Any CPU
		{EFCA35DA-B62E-4C16-BCA8-0CD5A801D676}.Release|Any CPU.ActiveCfg = Release|Any CPU
		{EFCA35DA-B62E-4C16-BCA8-0CD5A801D676}.Release|Any CPU.Build.0 = Release|Any CPU
		{1D7E1067-0A75-4EB7-A278-1B26B779DFFD}.Debug|Any CPU.ActiveCfg = Debug|Any CPU
		{1D7E1067-0A75-4EB7-A278-1B26B779DFFD}.Debug|Any CPU.Build.0 = Debug|Any CPU
		{1D7E1067-0A75-4EB7-A278-1B26B779DFFD}.Release|Any CPU.ActiveCfg = Release|Any CPU
		{1D7E1067-0A75-4EB7-A278-1B26B779DFFD}.Release|Any CPU.Build.0 = Release|Any CPU
		{3F21C9CA-602B-4C9F-90DB-F920D46815FE}.Debug|Any CPU.ActiveCfg = Debug|Any CPU
		{3F21C9CA-602B-4C9F-90DB-F920D46815FE}.Debug|Any CPU.Build.0 = Debug|Any CPU
		{3F21C9CA-602B-4C9F-90DB-F920D46815FE}.Release|Any CPU.ActiveCfg = Release|Any CPU
		{3F21C9CA-602B-4C9F-90DB-F920D46815FE}.Release|Any CPU.Build.0 = Release|Any CPU
		{B21A0FDF-864D-4CD0-8705-2EA404BC003A}.Debug|Any CPU.ActiveCfg = Debug|Any CPU
		{B21A0FDF-864D-4CD0-8705-2EA404BC003A}.Debug|Any CPU.Build.0 = Debug|Any CPU
		{B21A0FDF-864D-4CD0-8705-2EA404BC003A}.Release|Any CPU.ActiveCfg = Release|Any CPU
		{B21A0FDF-864D-4CD0-8705-2EA404BC003A}.Release|Any CPU.Build.0 = Release|Any CPU
		{6C62DFE4-4D33-4CCE-9AEA-D5F130EBF829}.Debug|Any CPU.ActiveCfg = Debug|Any CPU
		{6C62DFE4-4D33-4CCE-9AEA-D5F130EBF829}.Debug|Any CPU.Build.0 = Debug|Any CPU
		{6C62DFE4-4D33-4CCE-9AEA-D5F130EBF829}.Release|Any CPU.ActiveCfg = Release|Any CPU
		{6C62DFE4-4D33-4CCE-9AEA-D5F130EBF829}.Release|Any CPU.Build.0 = Release|Any CPU
	EndGlobalSection
	GlobalSection(SolutionProperties) = preSolution
		HideSolutionNode = FALSE
	EndGlobalSection
	GlobalSection(ExtensibilityGlobals) = postSolution
		SolutionGuid = {02927F08-C243-45B2-A5CC-7E9EE26A58CF}
	EndGlobalSection
EndGlobal
