
Microsoft Visual Studio Solution File, Format Version 12.00
# Visual Studio Version 17
VisualStudioVersion = 17.7.34031.279
MinimumVisualStudioVersion = 10.0.40219.1
Project("{FAE04EC0-301F-11D3-BF4B-00C04F79EFBC}") = "001. Giriş", "C Sharp Pratiklerim\001. Giriş.csproj", "{2F35F72A-A964-48AB-94AA-0403B986448C}"
EndProject
Project("{FAE04EC0-301F-11D3-BF4B-00C04F79EFBC}") = "002. Değişkenler", "002. Değişkenler\002. Değişkenler.csproj", "{76F64DD4-99E4-4A7F-A416-F2D43989316E}"
EndProject
Project("{FAE04EC0-301F-11D3-BF4B-00C04F79EFBC}") = "003. Kullanıcıdan Input Alma", "003. Kullanıcıdan Input Alma\003. Kullanıcıdan Input Alma.csproj", "{09ADC515-B129-43C5-A65E-357D96161038}"
EndProject
Project("{FAE04EC0-301F-11D3-BF4B-00C04F79EFBC}") = "004. Type Conversion - Tür Dönüşümleri", "004. Type Conversion - Tür Dönüşümleri\004. Type Conversion - Tür Dönüşümleri.csproj", "{3FD595F3-E618-4114-86BB-5683CA569CDD}"
EndProject
Project("{FAE04EC0-301F-11D3-BF4B-00C04F79EFBC}") = "005. Diziler ve Foreach Döngüsü", "005. Diziler ve Foreach Döngüsü\005. Diziler ve Foreach Döngüsü.csproj", "{AD67BA8B-147C-4997-BF03-EC18B8E3F3ED}"
EndProject
Project("{FAE04EC0-301F-11D3-BF4B-00C04F79EFBC}") = "006. Metodlar", "006. Metodlar\006. Metodlar.csproj", "{E8E800DC-722F-49F2-BDB5-BBA97C122D31}"
EndProject
Project("{FAE04EC0-301F-11D3-BF4B-00C04F79EFBC}") = "007. OOP - Nesne Tabanlı Programlama", "007. OOP - Nesne Tabanlı Programlama\007. OOP - Nesne Tabanlı Programlama.csproj", "{4826BE26-F364-42C2-9077-D79E810F50D6}"
EndProject
Project("{FAE04EC0-301F-11D3-BF4B-00C04F79EFBC}") = "008. TC Kimlik Numarası Çoklu Kontrol", "008. TC Kimlik Numarası Çoklu Kontrol\008. TC Kimlik Numarası Çoklu Kontrol.csproj", "{13BCFA0C-57F2-4E59-8FB9-E572DF4744A9}"
EndProject
Project("{FAE04EC0-301F-11D3-BF4B-00C04F79EFBC}") = "009. Static Metod - Değişken - Constructor - Class", "009. Static Metod - Değişken - Constructor - Class\009. Static Metod - Değişken - Constructor - Class.csproj", "{C86304FC-A101-4484-B346-03C9088AC566}"
EndProject
Project("{FAE04EC0-301F-11D3-BF4B-00C04F79EFBC}") = "010. List", "010. List\010. List.csproj", "{CA8E5B96-7882-4C7F-829A-DF1FB2B1BDC3}"
EndProject
Project("{FAE04EC0-301F-11D3-BF4B-00C04F79EFBC}") = "011. Inheritance", "011. Inheritance\011. Inheritance.csproj", "{28563583-B32D-43B6-8A72-DE1DACA788D7}"
EndProject
Project("{FAE04EC0-301F-11D3-BF4B-00C04F79EFBC}") = "012. Çok Boyutlu Diziler", "012. Çok Boyutlu Diziler\012. Çok Boyutlu Diziler.csproj", "{C9EB8E14-A373-4BBC-A23C-75061844BBEF}"
EndProject
Project("{FAE04EC0-301F-11D3-BF4B-00C04F79EFBC}") = "013. Params", "013. Params\013. Params.csproj", "{C805D7CC-A7B0-438D-9141-557F39D72DB9}"
EndProject
Project("{FAE04EC0-301F-11D3-BF4B-00C04F79EFBC}") = "014. Dosya İşlemleri", "014. Dosya İşlemleri\014. Dosya İşlemleri.csproj", "{97467D9B-4B26-4C6C-AB45-2E7C01C9192B}"
EndProject
Project("{FAE04EC0-301F-11D3-BF4B-00C04F79EFBC}") = "Console Output Formatting", "Console Output Formatting\Console Output Formatting.csproj", "{F93121BE-C94F-465B-85BA-660F0A9EE99F}"
EndProject
Global
	GlobalSection(SolutionConfigurationPlatforms) = preSolution
		Debug|Any CPU = Debug|Any CPU
		Release|Any CPU = Release|Any CPU
	EndGlobalSection
	GlobalSection(ProjectConfigurationPlatforms) = postSolution
		{2F35F72A-A964-48AB-94AA-0403B986448C}.Debug|Any CPU.ActiveCfg = Debug|Any CPU
		{2F35F72A-A964-48AB-94AA-0403B986448C}.Debug|Any CPU.Build.0 = Debug|Any CPU
		{2F35F72A-A964-48AB-94AA-0403B986448C}.Release|Any CPU.ActiveCfg = Release|Any CPU
		{2F35F72A-A964-48AB-94AA-0403B986448C}.Release|Any CPU.Build.0 = Release|Any CPU
		{76F64DD4-99E4-4A7F-A416-F2D43989316E}.Debug|Any CPU.ActiveCfg = Debug|Any CPU
		{76F64DD4-99E4-4A7F-A416-F2D43989316E}.Debug|Any CPU.Build.0 = Debug|Any CPU
		{76F64DD4-99E4-4A7F-A416-F2D43989316E}.Release|Any CPU.ActiveCfg = Release|Any CPU
		{76F64DD4-99E4-4A7F-A416-F2D43989316E}.Release|Any CPU.Build.0 = Release|Any CPU
		{09ADC515-B129-43C5-A65E-357D96161038}.Debug|Any CPU.ActiveCfg = Debug|Any CPU
		{09ADC515-B129-43C5-A65E-357D96161038}.Debug|Any CPU.Build.0 = Debug|Any CPU
		{09ADC515-B129-43C5-A65E-357D96161038}.Release|Any CPU.ActiveCfg = Release|Any CPU
		{09ADC515-B129-43C5-A65E-357D96161038}.Release|Any CPU.Build.0 = Release|Any CPU
		{3FD595F3-E618-4114-86BB-5683CA569CDD}.Debug|Any CPU.ActiveCfg = Debug|Any CPU
		{3FD595F3-E618-4114-86BB-5683CA569CDD}.Debug|Any CPU.Build.0 = Debug|Any CPU
		{3FD595F3-E618-4114-86BB-5683CA569CDD}.Release|Any CPU.ActiveCfg = Release|Any CPU
		{3FD595F3-E618-4114-86BB-5683CA569CDD}.Release|Any CPU.Build.0 = Release|Any CPU
		{AD67BA8B-147C-4997-BF03-EC18B8E3F3ED}.Debug|Any CPU.ActiveCfg = Debug|Any CPU
		{AD67BA8B-147C-4997-BF03-EC18B8E3F3ED}.Debug|Any CPU.Build.0 = Debug|Any CPU
		{AD67BA8B-147C-4997-BF03-EC18B8E3F3ED}.Release|Any CPU.ActiveCfg = Release|Any CPU
		{AD67BA8B-147C-4997-BF03-EC18B8E3F3ED}.Release|Any CPU.Build.0 = Release|Any CPU
		{E8E800DC-722F-49F2-BDB5-BBA97C122D31}.Debug|Any CPU.ActiveCfg = Debug|Any CPU
		{E8E800DC-722F-49F2-BDB5-BBA97C122D31}.Debug|Any CPU.Build.0 = Debug|Any CPU
		{E8E800DC-722F-49F2-BDB5-BBA97C122D31}.Release|Any CPU.ActiveCfg = Release|Any CPU
		{E8E800DC-722F-49F2-BDB5-BBA97C122D31}.Release|Any CPU.Build.0 = Release|Any CPU
		{4826BE26-F364-42C2-9077-D79E810F50D6}.Debug|Any CPU.ActiveCfg = Debug|Any CPU
		{4826BE26-F364-42C2-9077-D79E810F50D6}.Debug|Any CPU.Build.0 = Debug|Any CPU
		{4826BE26-F364-42C2-9077-D79E810F50D6}.Release|Any CPU.ActiveCfg = Release|Any CPU
		{4826BE26-F364-42C2-9077-D79E810F50D6}.Release|Any CPU.Build.0 = Release|Any CPU
		{13BCFA0C-57F2-4E59-8FB9-E572DF4744A9}.Debug|Any CPU.ActiveCfg = Debug|Any CPU
		{13BCFA0C-57F2-4E59-8FB9-E572DF4744A9}.Debug|Any CPU.Build.0 = Debug|Any CPU
		{13BCFA0C-57F2-4E59-8FB9-E572DF4744A9}.Release|Any CPU.ActiveCfg = Release|Any CPU
		{13BCFA0C-57F2-4E59-8FB9-E572DF4744A9}.Release|Any CPU.Build.0 = Release|Any CPU
		{C86304FC-A101-4484-B346-03C9088AC566}.Debug|Any CPU.ActiveCfg = Debug|Any CPU
		{C86304FC-A101-4484-B346-03C9088AC566}.Debug|Any CPU.Build.0 = Debug|Any CPU
		{C86304FC-A101-4484-B346-03C9088AC566}.Release|Any CPU.ActiveCfg = Release|Any CPU
		{C86304FC-A101-4484-B346-03C9088AC566}.Release|Any CPU.Build.0 = Release|Any CPU
		{CA8E5B96-7882-4C7F-829A-DF1FB2B1BDC3}.Debug|Any CPU.ActiveCfg = Debug|Any CPU
		{CA8E5B96-7882-4C7F-829A-DF1FB2B1BDC3}.Debug|Any CPU.Build.0 = Debug|Any CPU
		{CA8E5B96-7882-4C7F-829A-DF1FB2B1BDC3}.Release|Any CPU.ActiveCfg = Release|Any CPU
		{CA8E5B96-7882-4C7F-829A-DF1FB2B1BDC3}.Release|Any CPU.Build.0 = Release|Any CPU
		{28563583-B32D-43B6-8A72-DE1DACA788D7}.Debug|Any CPU.ActiveCfg = Debug|Any CPU
		{28563583-B32D-43B6-8A72-DE1DACA788D7}.Debug|Any CPU.Build.0 = Debug|Any CPU
		{28563583-B32D-43B6-8A72-DE1DACA788D7}.Release|Any CPU.ActiveCfg = Release|Any CPU
		{28563583-B32D-43B6-8A72-DE1DACA788D7}.Release|Any CPU.Build.0 = Release|Any CPU
		{C9EB8E14-A373-4BBC-A23C-75061844BBEF}.Debug|Any CPU.ActiveCfg = Debug|Any CPU
		{C9EB8E14-A373-4BBC-A23C-75061844BBEF}.Debug|Any CPU.Build.0 = Debug|Any CPU
		{C9EB8E14-A373-4BBC-A23C-75061844BBEF}.Release|Any CPU.ActiveCfg = Release|Any CPU
		{C9EB8E14-A373-4BBC-A23C-75061844BBEF}.Release|Any CPU.Build.0 = Release|Any CPU
		{C805D7CC-A7B0-438D-9141-557F39D72DB9}.Debug|Any CPU.ActiveCfg = Debug|Any CPU
		{C805D7CC-A7B0-438D-9141-557F39D72DB9}.Debug|Any CPU.Build.0 = Debug|Any CPU
		{C805D7CC-A7B0-438D-9141-557F39D72DB9}.Release|Any CPU.ActiveCfg = Release|Any CPU
		{C805D7CC-A7B0-438D-9141-557F39D72DB9}.Release|Any CPU.Build.0 = Release|Any CPU
		{97467D9B-4B26-4C6C-AB45-2E7C01C9192B}.Debug|Any CPU.ActiveCfg = Debug|Any CPU
		{97467D9B-4B26-4C6C-AB45-2E7C01C9192B}.Debug|Any CPU.Build.0 = Debug|Any CPU
		{97467D9B-4B26-4C6C-AB45-2E7C01C9192B}.Release|Any CPU.ActiveCfg = Release|Any CPU
		{97467D9B-4B26-4C6C-AB45-2E7C01C9192B}.Release|Any CPU.Build.0 = Release|Any CPU
		{F93121BE-C94F-465B-85BA-660F0A9EE99F}.Debug|Any CPU.ActiveCfg = Debug|Any CPU
		{F93121BE-C94F-465B-85BA-660F0A9EE99F}.Debug|Any CPU.Build.0 = Debug|Any CPU
		{F93121BE-C94F-465B-85BA-660F0A9EE99F}.Release|Any CPU.ActiveCfg = Release|Any CPU
		{F93121BE-C94F-465B-85BA-660F0A9EE99F}.Release|Any CPU.Build.0 = Release|Any CPU
	EndGlobalSection
	GlobalSection(SolutionProperties) = preSolution
		HideSolutionNode = FALSE
	EndGlobalSection
	GlobalSection(ExtensibilityGlobals) = postSolution
		SolutionGuid = {02927F08-C243-45B2-A5CC-7E9EE26A58CF}
	EndGlobalSection
EndGlobal
